// !$*UTF8*$!
{
	archiveVersion = 1;
	classes = {
	};
	objectVersion = 55;
	objects = {

/* Begin PBXBuildFile section */
		361CD4332728FCA4005DD3CB /* AppDelegate.swift in Sources */ = {isa = PBXBuildFile; fileRef = 361CD4322728FCA4005DD3CB /* AppDelegate.swift */; };
		361CD4352728FCA4005DD3CB /* SceneDelegate.swift in Sources */ = {isa = PBXBuildFile; fileRef = 361CD4342728FCA4005DD3CB /* SceneDelegate.swift */; };
		361CD4372728FCA4005DD3CB /* ViewController.swift in Sources */ = {isa = PBXBuildFile; fileRef = 361CD4362728FCA4005DD3CB /* ViewController.swift */; };
		361CD43C2728FCA5005DD3CB /* Assets.xcassets in Resources */ = {isa = PBXBuildFile; fileRef = 361CD43B2728FCA5005DD3CB /* Assets.xcassets */; };
		361CD43F2728FCA5005DD3CB /* LaunchScreen.storyboard in Resources */ = {isa = PBXBuildFile; fileRef = 361CD43D2728FCA5005DD3CB /* LaunchScreen.storyboard */; };
		361CD44827290B9C005DD3CB /* MainTabController.swift in Sources */ = {isa = PBXBuildFile; fileRef = 361CD44727290B9C005DD3CB /* MainTabController.swift */; };
		361CD44B272A2C60005DD3CB /* CustomTabbar.swift in Sources */ = {isa = PBXBuildFile; fileRef = 361CD44A272A2C60005DD3CB /* CustomTabbar.swift */; };
		E02C4E17A5AD81AD83E5A3D7 /* Pods_KakaopayClone.framework in Frameworks */ = {isa = PBXBuildFile; fileRef = 3F343D4E71E63E180D017F43 /* Pods_KakaopayClone.framework */; };
/* End PBXBuildFile section */

/* Begin PBXFileReference section */
		361CD42F2728FCA4005DD3CB /* KakaopayClone.app */ = {isa = PBXFileReference; explicitFileType = wrapper.application; includeInIndex = 0; path = KakaopayClone.app; sourceTree = BUILT_PRODUCTS_DIR; };
		361CD4322728FCA4005DD3CB /* AppDelegate.swift */ = {isa = PBXFileReference; lastKnownFileType = sourcecode.swift; path = AppDelegate.swift; sourceTree = "<group>"; };
		361CD4342728FCA4005DD3CB /* SceneDelegate.swift */ = {isa = PBXFileReference; lastKnownFileType = sourcecode.swift; path = SceneDelegate.swift; sourceTree = "<group>"; };
		361CD4362728FCA4005DD3CB /* ViewController.swift */ = {isa = PBXFileReference; lastKnownFileType = sourcecode.swift; path = ViewController.swift; sourceTree = "<group>"; };
		361CD43B2728FCA5005DD3CB /* Assets.xcassets */ = {isa = PBXFileReference; lastKnownFileType = folder.assetcatalog; path = Assets.xcassets; sourceTree = "<group>"; };
		361CD43E2728FCA5005DD3CB /* Base */ = {isa = PBXFileReference; lastKnownFileType = file.storyboard; name = Base; path = Base.lproj/LaunchScreen.storyboard; sourceTree = "<group>"; };
		361CD4402728FCA5005DD3CB /* Info.plist */ = {isa = PBXFileReference; lastKnownFileType = text.plist.xml; path = Info.plist; sourceTree = "<group>"; };
		361CD44727290B9C005DD3CB /* MainTabController.swift */ = {isa = PBXFileReference; lastKnownFileType = sourcecode.swift; path = MainTabController.swift; sourceTree = "<group>"; };
		361CD44A272A2C60005DD3CB /* CustomTabbar.swift */ = {isa = PBXFileReference; lastKnownFileType = sourcecode.swift; path = CustomTabbar.swift; sourceTree = "<group>"; };
		3E6D317C9930C5F7ECF292E1 /* Pods-KakaopayClone.release.xcconfig */ = {isa = PBXFileReference; includeInIndex = 1; lastKnownFileType = text.xcconfig; name = "Pods-KakaopayClone.release.xcconfig"; path = "Target Support Files/Pods-KakaopayClone/Pods-KakaopayClone.release.xcconfig"; sourceTree = "<group>"; };
		3F343D4E71E63E180D017F43 /* Pods_KakaopayClone.framework */ = {isa = PBXFileReference; explicitFileType = wrapper.framework; includeInIndex = 0; path = Pods_KakaopayClone.framework; sourceTree = BUILT_PRODUCTS_DIR; };
		CD6BFDD104B315A0C8519956 /* Pods-KakaopayClone.debug.xcconfig */ = {isa = PBXFileReference; includeInIndex = 1; lastKnownFileType = text.xcconfig; name = "Pods-KakaopayClone.debug.xcconfig"; path = "Target Support Files/Pods-KakaopayClone/Pods-KakaopayClone.debug.xcconfig"; sourceTree = "<group>"; };
/* End PBXFileReference section */

/* Begin PBXFrameworksBuildPhase section */
		361CD42C2728FCA4005DD3CB /* Frameworks */ = {
			isa = PBXFrameworksBuildPhase;
			buildActionMask = 2147483647;
			files = (
				E02C4E17A5AD81AD83E5A3D7 /* Pods_KakaopayClone.framework in Frameworks */,
			);
			runOnlyForDeploymentPostprocessing = 0;
		};
/* End PBXFrameworksBuildPhase section */

/* Begin PBXGroup section */
		361CD4262728FCA4005DD3CB = {
			isa = PBXGroup;
			children = (
				361CD4312728FCA4005DD3CB /* KakaopayClone */,
				361CD4302728FCA4005DD3CB /* Products */,
				9BF2EA13633FA35C2509ACDD /* Pods */,
				6BC6E10A6832F6649F244B60 /* Frameworks */,
			);
			sourceTree = "<group>";
		};
		361CD4302728FCA4005DD3CB /* Products */ = {
			isa = PBXGroup;
			children = (
				361CD42F2728FCA4005DD3CB /* KakaopayClone.app */,
			);
			name = Products;
			sourceTree = "<group>";
		};
		361CD4312728FCA4005DD3CB /* KakaopayClone */ = {
			isa = PBXGroup;
			children = (
				361CD4322728FCA4005DD3CB /* AppDelegate.swift */,
				361CD4342728FCA4005DD3CB /* SceneDelegate.swift */,
				361CD449272A2C40005DD3CB /* Views */,
				361CD44627290B8F005DD3CB /* Controllers */,
				361CD4362728FCA4005DD3CB /* ViewController.swift */,
				361CD43B2728FCA5005DD3CB /* Assets.xcassets */,
				361CD43D2728FCA5005DD3CB /* LaunchScreen.storyboard */,
				361CD4402728FCA5005DD3CB /* Info.plist */,
			);
			path = KakaopayClone;
			sourceTree = "<group>";
		};
		361CD44627290B8F005DD3CB /* Controllers */ = {
			isa = PBXGroup;
			children = (
				361CD44727290B9C005DD3CB /* MainTabController.swift */,
			);
			path = Controllers;
			sourceTree = "<group>";
		};
		361CD449272A2C40005DD3CB /* Views */ = {
			isa = PBXGroup;
			children = (
				361CD44A272A2C60005DD3CB /* CustomTabbar.swift */,
			);
			path = Views;
			sourceTree = "<group>";
		};
		6BC6E10A6832F6649F244B60 /* Frameworks */ = {
			isa = PBXGroup;
			children = (
				3F343D4E71E63E180D017F43 /* Pods_KakaopayClone.framework */,
			);
			name = Frameworks;
			sourceTree = "<group>";
		};
		9BF2EA13633FA35C2509ACDD /* Pods */ = {
			isa = PBXGroup;
			children = (
				CD6BFDD104B315A0C8519956 /* Pods-KakaopayClone.debug.xcconfig */,
				3E6D317C9930C5F7ECF292E1 /* Pods-KakaopayClone.release.xcconfig */,
			);
			path = Pods;
			sourceTree = "<group>";
		};
/* End PBXGroup section */

/* Begin PBXNativeTarget section */
		361CD42E2728FCA4005DD3CB /* KakaopayClone */ = {
			isa = PBXNativeTarget;
			buildConfigurationList = 361CD4432728FCA5005DD3CB /* Build configuration list for PBXNativeTarget "KakaopayClone" */;
			buildPhases = (
				A93221577F743473C31FB57D /* [CP] Check Pods Manifest.lock */,
				361CD42B2728FCA4005DD3CB /* Sources */,
				361CD42C2728FCA4005DD3CB /* Frameworks */,
				361CD42D2728FCA4005DD3CB /* Resources */,
			);
			buildRules = (
			);
			dependencies = (
			);
			name = KakaopayClone;
			productName = KakaopayClone;
			productReference = 361CD42F2728FCA4005DD3CB /* KakaopayClone.app */;
			productType = "com.apple.product-type.application";
		};
/* End PBXNativeTarget section */

/* Begin PBXProject section */
		361CD4272728FCA4005DD3CB /* Project object */ = {
			isa = PBXProject;
			attributes = {
				BuildIndependentTargetsInParallel = 1;
				LastSwiftUpdateCheck = 1300;
				LastUpgradeCheck = 1300;
				TargetAttributes = {
					361CD42E2728FCA4005DD3CB = {
						CreatedOnToolsVersion = 13.0;
					};
				};
			};
			buildConfigurationList = 361CD42A2728FCA4005DD3CB /* Build configuration list for PBXProject "KakaopayClone" */;
			compatibilityVersion = "Xcode 13.0";
			developmentRegion = en;
			hasScannedForEncodings = 0;
			knownRegions = (
				en,
				Base,
			);
			mainGroup = 361CD4262728FCA4005DD3CB;
			productRefGroup = 361CD4302728FCA4005DD3CB /* Products */;
			projectDirPath = "";
			projectRoot = "";
			targets = (
				361CD42E2728FCA4005DD3CB /* KakaopayClone */,
			);
		};
/* End PBXProject section */

/* Begin PBXResourcesBuildPhase section */
		361CD42D2728FCA4005DD3CB /* Resources */ = {
			isa = PBXResourcesBuildPhase;
			buildActionMask = 2147483647;
			files = (
				361CD43F2728FCA5005DD3CB /* LaunchScreen.storyboard in Resources */,
				361CD43C2728FCA5005DD3CB /* Assets.xcassets in Resources */,
			);
			runOnlyForDeploymentPostprocessing = 0;
		};
/* End PBXResourcesBuildPhase section */

/* Begin PBXShellScriptBuildPhase section */
		A93221577F743473C31FB57D /* [CP] Check Pods Manifest.lock */ = {
			isa = PBXShellScriptBuildPhase;
			buildActionMask = 2147483647;
			files = (
			);
			inputFileListPaths = (
			);
			inputPaths = (
				"${PODS_PODFILE_DIR_PATH}/Podfile.lock",
				"${PODS_ROOT}/Manifest.lock",
			);
			name = "[CP] Check Pods Manifest.lock";
			outputFileListPaths = (
			);
			outputPaths = (
				"$(DERIVED_FILE_DIR)/Pods-KakaopayClone-checkManifestLockResult.txt",
			);
			runOnlyForDeploymentPostprocessing = 0;
			shellPath = /bin/sh;
			shellScript = "diff \"${PODS_PODFILE_DIR_PATH}/Podfile.lock\" \"${PODS_ROOT}/Manifest.lock\" > /dev/null\nif [ $? != 0 ] ; then\n    # print error to STDERR\n    echo \"error: The sandbox is not in sync with the Podfile.lock. Run 'pod install' or update your CocoaPods installation.\" >&2\n    exit 1\nfi\n# This output is used by Xcode 'outputs' to avoid re-running this script phase.\necho \"SUCCESS\" > \"${SCRIPT_OUTPUT_FILE_0}\"\n";
			showEnvVarsInLog = 0;
		};
/* End PBXShellScriptBuildPhase section */

/* Begin PBXSourcesBuildPhase section */
		361CD42B2728FCA4005DD3CB /* Sources */ = {
			isa = PBXSourcesBuildPhase;
			buildActionMask = 2147483647;
			files = (
				361CD4372728FCA4005DD3CB /* ViewController.swift in Sources */,
				361CD44B272A2C60005DD3CB /* CustomTabbar.swift in Sources */,
				361CD4332728FCA4005DD3CB /* AppDelegate.swift in Sources */,
				361CD44827290B9C005DD3CB /* MainTabController.swift in Sources */,
				361CD4352728FCA4005DD3CB /* SceneDelegate.swift in Sources */,
			);
			runOnlyForDeploymentPostprocessing = 0;
		};
/* End PBXSourcesBuildPhase section */

/* Begin PBXVariantGroup section */
		361CD43D2728FCA5005DD3CB /* LaunchScreen.storyboard */ = {
			isa = PBXVariantGroup;
			children = (
				361CD43E2728FCA5005DD3CB /* Base */,
			);
			name = LaunchScreen.storyboard;
			sourceTree = "<group>";
		};
/* End PBXVariantGroup section */

/* Begin XCBuildConfiguration section */
		361CD4412728FCA5005DD3CB /* Debug */ = {
			isa = XCBuildConfiguration;
			buildSettings = {
				ALWAYS_SEARCH_USER_PATHS = NO;
				CLANG_ANALYZER_NONNULL = YES;
				CLANG_ANALYZER_NUMBER_OBJECT_CONVERSION = YES_AGGRESSIVE;
				CLANG_CXX_LANGUAGE_STANDARD = "gnu++17";
				CLANG_CXX_LIBRARY = "libc++";
				CLANG_ENABLE_MODULES = YES;
				CLANG_ENABLE_OBJC_ARC = YES;
				CLANG_ENABLE_OBJC_WEAK = YES;
				CLANG_WARN_BLOCK_CAPTURE_AUTORELEASING = YES;
				CLANG_WARN_BOOL_CONVERSION = YES;
				CLANG_WARN_COMMA = YES;
				CLANG_WARN_CONSTANT_CONVERSION = YES;
				CLANG_WARN_DEPRECATED_OBJC_IMPLEMENTATIONS = YES;
				CLANG_WARN_DIRECT_OBJC_ISA_USAGE = YES_ERROR;
				CLANG_WARN_DOCUMENTATION_COMMENTS = YES;
				CLANG_WARN_EMPTY_BODY = YES;
				CLANG_WARN_ENUM_CONVERSION = YES;
				CLANG_WARN_INFINITE_RECURSION = YES;
				CLANG_WARN_INT_CONVERSION = YES;
				CLANG_WARN_NON_LITERAL_NULL_CONVERSION = YES;
				CLANG_WARN_OBJC_IMPLICIT_RETAIN_SELF = YES;
				CLANG_WARN_OBJC_LITERAL_CONVERSION = YES;
				CLANG_WARN_OBJC_ROOT_CLASS = YES_ERROR;
				CLANG_WARN_QUOTED_INCLUDE_IN_FRAMEWORK_HEADER = YES;
				CLANG_WARN_RANGE_LOOP_ANALYSIS = YES;
				CLANG_WARN_STRICT_PROTOTYPES = YES;
				CLANG_WARN_SUSPICIOUS_MOVE = YES;
				CLANG_WARN_UNGUARDED_AVAILABILITY = YES_AGGRESSIVE;
				CLANG_WARN_UNREACHABLE_CODE = YES;
				CLANG_WARN__DUPLICATE_METHOD_MATCH = YES;
				COPY_PHASE_STRIP = NO;
				DEBUG_INFORMATION_FORMAT = dwarf;
				ENABLE_STRICT_OBJC_MSGSEND = YES;
				ENABLE_TESTABILITY = YES;
				GCC_C_LANGUAGE_STANDARD = gnu11;
				GCC_DYNAMIC_NO_PIC = NO;
				GCC_NO_COMMON_BLOCKS = YES;
				GCC_OPTIMIZATION_LEVEL = 0;
				GCC_PREPROCESSOR_DEFINITIONS = (
					"DEBUG=1",
					"$(inherited)",
				);
				GCC_WARN_64_TO_32_BIT_CONVERSION = YES;
				GCC_WARN_ABOUT_RETURN_TYPE = YES_ERROR;
				GCC_WARN_UNDECLARED_SELECTOR = YES;
				GCC_WARN_UNINITIALIZED_AUTOS = YES_AGGRESSIVE;
				GCC_WARN_UNUSED_FUNCTION = YES;
				GCC_WARN_UNUSED_VARIABLE = YES;
				IPHONEOS_DEPLOYMENT_TARGET = 15.0;
				MTL_ENABLE_DEBUG_INFO = INCLUDE_SOURCE;
				MTL_FAST_MATH = YES;
				ONLY_ACTIVE_ARCH = YES;
				SDKROOT = iphoneos;
				SWIFT_ACTIVE_COMPILATION_CONDITIONS = DEBUG;
				SWIFT_OPTIMIZATION_LEVEL = "-Onone";
			};
			name = Debug;
		};
		361CD4422728FCA5005DD3CB /* Release */ = {
			isa = XCBuildConfiguration;
			buildSettings = {
				ALWAYS_SEARCH_USER_PATHS = NO;
				CLANG_ANALYZER_NONNULL = YES;
				CLANG_ANALYZER_NUMBER_OBJECT_CONVERSION = YES_AGGRESSIVE;
				CLANG_CXX_LANGUAGE_STANDARD = "gnu++17";
				CLANG_CXX_LIBRARY = "libc++";
				CLANG_ENABLE_MODULES = YES;
				CLANG_ENABLE_OBJC_ARC = YES;
				CLANG_ENABLE_OBJC_WEAK = YES;
				CLANG_WARN_BLOCK_CAPTURE_AUTORELEASING = YES;
				CLANG_WARN_BOOL_CONVERSION = YES;
				CLANG_WARN_COMMA = YES;
				CLANG_WARN_CONSTANT_CONVERSION = YES;
				CLANG_WARN_DEPRECATED_OBJC_IMPLEMENTATIONS = YES;
				CLANG_WARN_DIRECT_OBJC_ISA_USAGE = YES_ERROR;
				CLANG_WARN_DOCUMENTATION_COMMENTS = YES;
				CLANG_WARN_EMPTY_BODY = YES;
				CLANG_WARN_ENUM_CONVERSION = YES;
				CLANG_WARN_INFINITE_RECURSION = YES;
				CLANG_WARN_INT_CONVERSION = YES;
				CLANG_WARN_NON_LITERAL_NULL_CONVERSION = YES;
				CLANG_WARN_OBJC_IMPLICIT_RETAIN_SELF = YES;
				CLANG_WARN_OBJC_LITERAL_CONVERSION = YES;
				CLANG_WARN_OBJC_ROOT_CLASS = YES_ERROR;
				CLANG_WARN_QUOTED_INCLUDE_IN_FRAMEWORK_HEADER = YES;
				CLANG_WARN_RANGE_LOOP_ANALYSIS = YES;
				CLANG_WARN_STRICT_PROTOTYPES = YES;
				CLANG_WARN_SUSPICIOUS_MOVE = YES;
				CLANG_WARN_UNGUARDED_AVAILABILITY = YES_AGGRESSIVE;
				CLANG_WARN_UNREACHABLE_CODE = YES;
				CLANG_WARN__DUPLICATE_METHOD_MATCH = YES;
				COPY_PHASE_STRIP = NO;
				DEBUG_INFORMATION_FORMAT = "dwarf-with-dsym";
				ENABLE_NS_ASSERTIONS = NO;
				ENABLE_STRICT_OBJC_MSGSEND = YES;
				GCC_C_LANGUAGE_STANDARD = gnu11;
				GCC_NO_COMMON_BLOCKS = YES;
				GCC_WARN_64_TO_32_BIT_CONVERSION = YES;
				GCC_WARN_ABOUT_RETURN_TYPE = YES_ERROR;
				GCC_WARN_UNDECLARED_SELECTOR = YES;
				GCC_WARN_UNINITIALIZED_AUTOS = YES_AGGRESSIVE;
				GCC_WARN_UNUSED_FUNCTION = YES;
				GCC_WARN_UNUSED_VARIABLE = YES;
				IPHONEOS_DEPLOYMENT_TARGET = 15.0;
				MTL_ENABLE_DEBUG_INFO = NO;
				MTL_FAST_MATH = YES;
				SDKROOT = iphoneos;
				SWIFT_COMPILATION_MODE = wholemodule;
				SWIFT_OPTIMIZATION_LEVEL = "-O";
				VALIDATE_PRODUCT = YES;
			};
			name = Release;
		};
		361CD4442728FCA5005DD3CB /* Debug */ = {
			isa = XCBuildConfiguration;
			baseConfigurationReference = CD6BFDD104B315A0C8519956 /* Pods-KakaopayClone.debug.xcconfig */;
			buildSettings = {
				ASSETCATALOG_COMPILER_APPICON_NAME = AppIcon;
				ASSETCATALOG_COMPILER_GLOBAL_ACCENT_COLOR_NAME = AccentColor;
				CODE_SIGN_STYLE = Automatic;
				CURRENT_PROJECT_VERSION = 1;
				DEVELOPMENT_TEAM = YAQDP772UC;
				GENERATE_INFOPLIST_FILE = YES;
				INFOPLIST_FILE = KakaopayClone/Info.plist;
				INFOPLIST_KEY_UIApplicationSupportsIndirectInputEvents = YES;
				INFOPLIST_KEY_UILaunchStoryboardName = LaunchScreen;
				INFOPLIST_KEY_UISupportedInterfaceOrientations_iPad = "UIInterfaceOrientationPortrait UIInterfaceOrientationPortraitUpsideDown UIInterfaceOrientationLandscapeLeft UIInterfaceOrientationLandscapeRight";
				INFOPLIST_KEY_UISupportedInterfaceOrientations_iPhone = "UIInterfaceOrientationPortrait UIInterfaceOrientationLandscapeLeft UIInterfaceOrientationLandscapeRight";
				LD_RUNPATH_SEARCH_PATHS = (
					"$(inherited)",
					"@executable_path/Frameworks",
				);
				MARKETING_VERSION = 1.0;
				PRODUCT_BUNDLE_IDENTIFIER = com.tophun.kakaopayclone.KakaopayClone;
				PRODUCT_NAME = "$(TARGET_NAME)";
				SWIFT_EMIT_LOC_STRINGS = YES;
				SWIFT_VERSION = 5.0;
				TARGETED_DEVICE_FAMILY = "1,2";
			};
			name = Debug;
		};
		361CD4452728FCA5005DD3CB /* Release */ = {
			isa = XCBuildConfiguration;
			baseConfigurationReference = 3E6D317C9930C5F7ECF292E1 /* Pods-KakaopayClone.release.xcconfig */;
			buildSettings = {
				ASSETCATALOG_COMPILER_APPICON_NAME = AppIcon;
				ASSETCATALOG_COMPILER_GLOBAL_ACCENT_COLOR_NAME = AccentColor;
				CODE_SIGN_STYLE = Automatic;
				CURRENT_PROJECT_VERSION = 1;
				DEVELOPMENT_TEAM = YAQDP772UC;
				GENERATE_INFOPLIST_FILE = YES;
				INFOPLIST_FILE = KakaopayClone/Info.plist;
				INFOPLIST_KEY_UIApplicationSupportsIndirectInputEvents = YES;
				INFOPLIST_KEY_UILaunchStoryboardName = LaunchScreen;
				INFOPLIST_KEY_UISupportedInterfaceOrientations_iPad = "UIInterfaceOrientationPortrait UIInterfaceOrientationPortraitUpsideDown UIInterfaceOrientationLandscapeLeft UIInterfaceOrientationLandscapeRight";
				INFOPLIST_KEY_UISupportedInterfaceOrientations_iPhone = "UIInterfaceOrientationPortrait UIInterfaceOrientationLandscapeLeft UIInterfaceOrientationLandscapeRight";
				LD_RUNPATH_SEARCH_PATHS = (
					"$(inherited)",
					"@executable_path/Frameworks",
				);
				MARKETING_VERSION = 1.0;
				PRODUCT_BUNDLE_IDENTIFIER = com.tophun.kakaopayclone.KakaopayClone;
				PRODUCT_NAME = "$(TARGET_NAME)";
				SWIFT_EMIT_LOC_STRINGS = YES;
				SWIFT_VERSION = 5.0;
				TARGETED_DEVICE_FAMILY = "1,2";
			};
			name = Release;
		};
/* End XCBuildConfiguration section */

/* Begin XCConfigurationList section */
		361CD42A2728FCA4005DD3CB /* Build configuration list for PBXProject "KakaopayClone" */ = {
			isa = XCConfigurationList;
			buildConfigurations = (
				361CD4412728FCA5005DD3CB /* Debug */,
				361CD4422728FCA5005DD3CB /* Release */,
			);
			defaultConfigurationIsVisible = 0;
			defaultConfigurationName = Release;
		};
		361CD4432728FCA5005DD3CB /* Build configuration list for PBXNativeTarget "KakaopayClone" */ = {
			isa = XCConfigurationList;
			buildConfigurations = (
				361CD4442728FCA5005DD3CB /* Debug */,
				361CD4452728FCA5005DD3CB /* Release */,
			);
			defaultConfigurationIsVisible = 0;
			defaultConfigurationName = Release;
		};
/* End XCConfigurationList section */
	};
	rootObject = 361CD4272728FCA4005DD3CB /* Project object */;
}
